
Microsoft Visual Studio Solution File, Format Version 12.00
# Visual Studio 15
VisualStudioVersion = 15.0.28307.421
MinimumVisualStudioVersion = 10.0.40219.1
Project("{FAE04EC0-301F-11D3-BF4B-00C04F79EFBC}") = "LeetCode Answer - Binary Tree Preorder Traversal", "LeetCode Answer - Binary Tree Preorder Traversal\LeetCode Answer - Binary Tree Preorder Traversal.csproj", "{B8A208B7-872D-4D0E-8540-DA55770B69BB}"
EndProject
Global
	GlobalSection(SolutionConfigurationPlatforms) = preSolution
		Debug|Any CPU = Debug|Any CPU
		Release|Any CPU = Release|Any CPU
	EndGlobalSection
	GlobalSection(ProjectConfigurationPlatforms) = postSolution
		{B8A208B7-872D-4D0E-8540-DA55770B69BB}.Debug|Any CPU.ActiveCfg = Debug|Any CPU
		{B8A208B7-872D-4D0E-8540-DA55770B69BB}.Debug|Any CPU.Build.0 = Debug|Any CPU
		{B8A208B7-872D-4D0E-8540-DA55770B69BB}.Release|Any CPU.ActiveCfg = Release|Any CPU
		{B8A208B7-872D-4D0E-8540-DA55770B69BB}.Release|Any CPU.Build.0 = Release|Any CPU
	EndGlobalSection
	GlobalSection(SolutionProperties) = preSolution
		HideSolutionNode = FALSE
	EndGlobalSection
	GlobalSection(ExtensibilityGlobals) = postSolution
		SolutionGuid = {DDD3E5CD-E82B-4A42-85B3-F093EF69E878}
	EndGlobalSection
EndGlobal
